// !$*UTF8*$!
{
	archiveVersion = 1;
	classes = {
	};
	objectVersion = 46;
	objects = {

/* Begin PBXBuildFile section */
		FC1EA8EA1A4D3B9E00AFE36E /* AppDelegate.swift in Sources */ = {isa = PBXBuildFile; fileRef = FC1EA8E91A4D3B9E00AFE36E /* AppDelegate.swift */; };
		FC1EA8EC1A4D3B9E00AFE36E /* ViewController.swift in Sources */ = {isa = PBXBuildFile; fileRef = FC1EA8EB1A4D3B9E00AFE36E /* ViewController.swift */; };
		FC1EA8EF1A4D3B9E00AFE36E /* Main.storyboard in Resources */ = {isa = PBXBuildFile; fileRef = FC1EA8ED1A4D3B9E00AFE36E /* Main.storyboard */; };
		FC1EA8F11A4D3B9E00AFE36E /* Images.xcassets in Resources */ = {isa = PBXBuildFile; fileRef = FC1EA8F01A4D3B9E00AFE36E /* Images.xcassets */; };
		FC1EA8F41A4D3B9E00AFE36E /* LaunchScreen.xib in Resources */ = {isa = PBXBuildFile; fileRef = FC1EA8F21A4D3B9E00AFE36E /* LaunchScreen.xib */; };
		FC1EA9001A4D3B9E00AFE36E /* FirstDemoTests.swift in Sources */ = {isa = PBXBuildFile; fileRef = FC1EA8FF1A4D3B9E00AFE36E /* FirstDemoTests.swift */; };
/* End PBXBuildFile section */

/* Begin PBXContainerItemProxy section */
		FC1EA8FA1A4D3B9E00AFE36E /* PBXContainerItemProxy */ = {
			isa = PBXContainerItemProxy;
			containerPortal = FC1EA8DC1A4D3B9D00AFE36E /* Project object */;
			proxyType = 1;
			remoteGlobalIDString = FC1EA8E31A4D3B9E00AFE36E;
			remoteInfo = FirstDemo;
		};
/* End PBXContainerItemProxy section */

/* Begin PBXFileReference section */
		FC1EA8E41A4D3B9E00AFE36E /* FirstDemo.app */ = {isa = PBXFileReference; explicitFileType = wrapper.application; includeInIndex = 0; path = FirstDemo.app; sourceTree = BUILT_PRODUCTS_DIR; };
		FC1EA8E81A4D3B9E00AFE36E /* Info.plist */ = {isa = PBXFileReference; lastKnownFileType = text.plist.xml; path = Info.plist; sourceTree = "<group>"; };
		FC1EA8E91A4D3B9E00AFE36E /* AppDelegate.swift */ = {isa = PBXFileReference; lastKnownFileType = sourcecode.swift; path = AppDelegate.swift; sourceTree = "<group>"; };
		FC1EA8EB1A4D3B9E00AFE36E /* ViewController.swift */ = {isa = PBXFileReference; lastKnownFileType = sourcecode.swift; path = ViewController.swift; sourceTree = "<group>"; };
		FC1EA8EE1A4D3B9E00AFE36E /* Base */ = {isa = PBXFileReference; lastKnownFileType = file.storyboard; name = Base; path = Base.lproj/Main.storyboard; sourceTree = "<group>"; };
		FC1EA8F01A4D3B9E00AFE36E /* Images.xcassets */ = {isa = PBXFileReference; lastKnownFileType = folder.assetcatalog; path = Images.xcassets; sourceTree = "<group>"; };
		FC1EA8F31A4D3B9E00AFE36E /* Base */ = {isa = PBXFileReference; lastKnownFileType = file.xib; name = Base; path = Base.lproj/LaunchScreen.xib; sourceTree = "<group>"; };
		FC1EA8F91A4D3B9E00AFE36E /* FirstDemoTests.xctest */ = {isa = PBXFileReference; explicitFileType = wrapper.cfbundle; includeInIndex = 0; path = FirstDemoTests.xctest; sourceTree = BUILT_PRODUCTS_DIR; };
		FC1EA8FE1A4D3B9E00AFE36E /* Info.plist */ = {isa = PBXFileReference; lastKnownFileType = text.plist.xml; path = Info.plist; sourceTree = "<group>"; };
		FC1EA8FF1A4D3B9E00AFE36E /* FirstDemoTests.swift */ = {isa = PBXFileReference; lastKnownFileType = sourcecode.swift; path = FirstDemoTests.swift; sourceTree = "<group>"; };
/* End PBXFileReference section */

/* Begin PBXFrameworksBuildPhase section */
		FC1EA8E11A4D3B9E00AFE36E /* Frameworks */ = {
			isa = PBXFrameworksBuildPhase;
			buildActionMask = 2147483647;
			files = (
			);
			runOnlyForDeploymentPostprocessing = 0;
		};
		FC1EA8F61A4D3B9E00AFE36E /* Frameworks */ = {
			isa = PBXFrameworksBuildPhase;
			buildActionMask = 2147483647;
			files = (
			);
			runOnlyForDeploymentPostprocessing = 0;
		};
/* End PBXFrameworksBuildPhase section */

/* Begin PBXGroup section */
		FC1EA8DB1A4D3B9D00AFE36E = {
			isa = PBXGroup;
			children = (
				FC1EA8E61A4D3B9E00AFE36E /* FirstDemo */,
				FC1EA8FC1A4D3B9E00AFE36E /* FirstDemoTests */,
				FC1EA8E51A4D3B9E00AFE36E /* Products */,
			);
			sourceTree = "<group>";
		};
		FC1EA8E51A4D3B9E00AFE36E /* Products */ = {
			isa = PBXGroup;
			children = (
				FC1EA8E41A4D3B9E00AFE36E /* FirstDemo.app */,
				FC1EA8F91A4D3B9E00AFE36E /* FirstDemoTests.xctest */,
			);
			name = Products;
			sourceTree = "<group>";
		};
		FC1EA8E61A4D3B9E00AFE36E /* FirstDemo */ = {
			isa = PBXGroup;
			children = (
				FC1EA8E91A4D3B9E00AFE36E /* AppDelegate.swift */,
				FC1EA8EB1A4D3B9E00AFE36E /* ViewController.swift */,
				FC1EA8ED1A4D3B9E00AFE36E /* Main.storyboard */,
				FC1EA8F01A4D3B9E00AFE36E /* Images.xcassets */,
				FC1EA8F21A4D3B9E00AFE36E /* LaunchScreen.xib */,
				FC1EA8E71A4D3B9E00AFE36E /* Supporting Files */,
			);
			path = FirstDemo;
			sourceTree = "<group>";
		};
		FC1EA8E71A4D3B9E00AFE36E /* Supporting Files */ = {
			isa = PBXGroup;
			children = (
				FC1EA8E81A4D3B9E00AFE36E /* Info.plist */,
			);
			name = "Supporting Files";
			sourceTree = "<group>";
		};
		FC1EA8FC1A4D3B9E00AFE36E /* FirstDemoTests */ = {
			isa = PBXGroup;
			children = (
				FC1EA8FF1A4D3B9E00AFE36E /* FirstDemoTests.swift */,
				FC1EA8FD1A4D3B9E00AFE36E /* Supporting Files */,
			);
			path = FirstDemoTests;
			sourceTree = "<group>";
		};
		FC1EA8FD1A4D3B9E00AFE36E /* Supporting Files */ = {
			isa = PBXGroup;
			children = (
				FC1EA8FE1A4D3B9E00AFE36E /* Info.plist */,
			);
			name = "Supporting Files";
			sourceTree = "<group>";
		};
/* End PBXGroup section */

/* Begin PBXNativeTarget section */
		FC1EA8E31A4D3B9E00AFE36E /* FirstDemo */ = {
			isa = PBXNativeTarget;
			buildConfigurationList = FC1EA9031A4D3B9E00AFE36E /* Build configuration list for PBXNativeTarget "FirstDemo" */;
			buildPhases = (
				FC1EA8E01A4D3B9E00AFE36E /* Sources */,
				FC1EA8E11A4D3B9E00AFE36E /* Frameworks */,
				FC1EA8E21A4D3B9E00AFE36E /* Resources */,
			);
			buildRules = (
			);
			dependencies = (
			);
			name = FirstDemo;
			productName = FirstDemo;
			productReference = FC1EA8E41A4D3B9E00AFE36E /* FirstDemo.app */;
			productType = "com.apple.product-type.application";
		};
		FC1EA8F81A4D3B9E00AFE36E /* FirstDemoTests */ = {
			isa = PBXNativeTarget;
			buildConfigurationList = FC1EA9061A4D3B9E00AFE36E /* Build configuration list for PBXNativeTarget "FirstDemoTests" */;
			buildPhases = (
				FC1EA8F51A4D3B9E00AFE36E /* Sources */,
				FC1EA8F61A4D3B9E00AFE36E /* Frameworks */,
				FC1EA8F71A4D3B9E00AFE36E /* Resources */,
			);
			buildRules = (
			);
			dependencies = (
				FC1EA8FB1A4D3B9E00AFE36E /* PBXTargetDependency */,
			);
			name = FirstDemoTests;
			productName = FirstDemoTests;
			productReference = FC1EA8F91A4D3B9E00AFE36E /* FirstDemoTests.xctest */;
			productType = "com.apple.product-type.bundle.unit-test";
		};
/* End PBXNativeTarget section */

/* Begin PBXProject section */
		FC1EA8DC1A4D3B9D00AFE36E /* Project object */ = {
			isa = PBXProject;
			attributes = {
				LastUpgradeCheck = 0610;
				ORGANIZATIONNAME = "Jonathan Blackburn";
				TargetAttributes = {
					FC1EA8E31A4D3B9E00AFE36E = {
						CreatedOnToolsVersion = 6.1.1;
					};
					FC1EA8F81A4D3B9E00AFE36E = {
						CreatedOnToolsVersion = 6.1.1;
						TestTargetID = FC1EA8E31A4D3B9E00AFE36E;
					};
				};
			};
			buildConfigurationList = FC1EA8DF1A4D3B9D00AFE36E /* Build configuration list for PBXProject "FirstDemo" */;
			compatibilityVersion = "Xcode 3.2";
			developmentRegion = English;
			hasScannedForEncodings = 0;
			knownRegions = (
				en,
				Base,
			);
			mainGroup = FC1EA8DB1A4D3B9D00AFE36E;
			productRefGroup = FC1EA8E51A4D3B9E00AFE36E /* Products */;
			projectDirPath = "";
			projectRoot = "";
			targets = (
				FC1EA8E31A4D3B9E00AFE36E /* FirstDemo */,
				FC1EA8F81A4D3B9E00AFE36E /* FirstDemoTests */,
			);
		};
/* End PBXProject section */

/* Begin PBXResourcesBuildPhase section */
		FC1EA8E21A4D3B9E00AFE36E /* Resources */ = {
			isa = PBXResourcesBuildPhase;
			buildActionMask = 2147483647;
			files = (
				FC1EA8EF1A4D3B9E00AFE36E /* Main.storyboard in Resources */,
				FC1EA8F41A4D3B9E00AFE36E /* LaunchScreen.xib in Resources */,
				FC1EA8F11A4D3B9E00AFE36E /* Images.xcassets in Resources */,
			);
			runOnlyForDeploymentPostprocessing = 0;
		};
		FC1EA8F71A4D3B9E00AFE36E /* Resources */ = {
			isa = PBXResourcesBuildPhase;
			buildActionMask = 2147483647;
			files = (
			);
			runOnlyForDeploymentPostprocessing = 0;
		};
/* End PBXResourcesBuildPhase section */

/* Begin PBXSourcesBuildPhase section */
		FC1EA8E01A4D3B9E00AFE36E /* Sources */ = {
			isa = PBXSourcesBuildPhase;
			buildActionMask = 2147483647;
			files = (
				FC1EA8EC1A4D3B9E00AFE36E /* ViewController.swift in Sources */,
				FC1EA8EA1A4D3B9E00AFE36E /* AppDelegate.swift in Sources */,
			);
			runOnlyForDeploymentPostprocessing = 0;
		};
		FC1EA8F51A4D3B9E00AFE36E /* Sources */ = {
			isa = PBXSourcesBuildPhase;
			buildActionMask = 2147483647;
			files = (
				FC1EA9001A4D3B9E00AFE36E /* FirstDemoTests.swift in Sources */,
			);
			runOnlyForDeploymentPostprocessing = 0;
		};
/* End PBXSourcesBuildPhase section */

/* Begin PBXTargetDependency section */
		FC1EA8FB1A4D3B9E00AFE36E /* PBXTargetDependency */ = {
			isa = PBXTargetDependency;
			target = FC1EA8E31A4D3B9E00AFE36E /* FirstDemo */;
			targetProxy = FC1EA8FA1A4D3B9E00AFE36E /* PBXContainerItemProxy */;
		};
/* End PBXTargetDependency section */

/* Begin PBXVariantGroup section */
		FC1EA8ED1A4D3B9E00AFE36E /* Main.storyboard */ = {
			isa = PBXVariantGroup;
			children = (
				FC1EA8EE1A4D3B9E00AFE36E /* Base */,
			);
			name = Main.storyboard;
			sourceTree = "<group>";
		};
		FC1EA8F21A4D3B9E00AFE36E /* LaunchScreen.xib */ = {
			isa = PBXVariantGroup;
			children = (
				FC1EA8F31A4D3B9E00AFE36E /* Base */,
			);
			name = LaunchScreen.xib;
			sourceTree = "<group>";
		};
/* End PBXVariantGroup section */

/* Begin XCBuildConfiguration section */
		FC1EA9011A4D3B9E00AFE36E /* Debug */ = {
			isa = XCBuildConfiguration;
			buildSettings = {
				ALWAYS_SEARCH_USER_PATHS = NO;
				CLANG_CXX_LANGUAGE_STANDARD = "gnu++0x";
				CLANG_CXX_LIBRARY = "libc++";
				CLANG_ENABLE_MODULES = YES;
				CLANG_ENABLE_OBJC_ARC = YES;
				CLANG_WARN_BOOL_CONVERSION = YES;
				CLANG_WARN_CONSTANT_CONVERSION = YES;
				CLANG_WARN_DIRECT_OBJC_ISA_USAGE = YES_ERROR;
				CLANG_WARN_EMPTY_BODY = YES;
				CLANG_WARN_ENUM_CONVERSION = YES;
				CLANG_WARN_INT_CONVERSION = YES;
				CLANG_WARN_OBJC_ROOT_CLASS = YES_ERROR;
				CLANG_WARN_UNREACHABLE_CODE = YES;
				CLANG_WARN__DUPLICATE_METHOD_MATCH = YES;
				"CODE_SIGN_IDENTITY[sdk=iphoneos*]" = "iPhone Developer";
				COPY_PHASE_STRIP = NO;
				ENABLE_STRICT_OBJC_MSGSEND = YES;
				GCC_C_LANGUAGE_STANDARD = gnu99;
				GCC_DYNAMIC_NO_PIC = NO;
				GCC_OPTIMIZATION_LEVEL = 0;
				GCC_PREPROCESSOR_DEFINITIONS = (
					"DEBUG=1",
					"$(inherited)",
				);
				GCC_SYMBOLS_PRIVATE_EXTERN = NO;
				GCC_WARN_64_TO_32_BIT_CONVERSION = YES;
				GCC_WARN_ABOUT_RETURN_TYPE = YES_ERROR;
				GCC_WARN_UNDECLARED_SELECTOR = YES;
				GCC_WARN_UNINITIALIZED_AUTOS = YES_AGGRESSIVE;
				GCC_WARN_UNUSED_FUNCTION = YES;
				GCC_WARN_UNUSED_VARIABLE = YES;
				IPHONEOS_DEPLOYMENT_TARGET = 8.1;
				MTL_ENABLE_DEBUG_INFO = YES;
				ONLY_ACTIVE_ARCH = YES;
				SDKROOT = iphoneos;
				SWIFT_OPTIMIZATION_LEVEL = "-Onone";
			};
			name = Debug;
		};
		FC1EA9021A4D3B9E00AFE36E /* Release */ = {
			isa = XCBuildConfiguration;
			buildSettings = {
				ALWAYS_SEARCH_USER_PATHS = NO;
				CLANG_CXX_LANGUAGE_STANDARD = "gnu++0x";
				CLANG_CXX_LIBRARY = "libc++";
				CLANG_ENABLE_MODULES = YES;
				CLANG_ENABLE_OBJC_ARC = YES;
				CLANG_WARN_BOOL_CONVERSION = YES;
				CLANG_WARN_CONSTANT_CONVERSION = YES;
				CLANG_WARN_DIRECT_OBJC_ISA_USAGE = YES_ERROR;
				CLANG_WARN_EMPTY_BODY = YES;
				CLANG_WARN_ENUM_CONVERSION = YES;
				CLANG_WARN_INT_CONVERSION = YES;
				CLANG_WARN_OBJC_ROOT_CLASS = YES_ERROR;
				CLANG_WARN_UNREACHABLE_CODE = YES;
				CLANG_WARN__DUPLICATE_METHOD_MATCH = YES;
				"CODE_SIGN_IDENTITY[sdk=iphoneos*]" = "iPhone Developer";
				COPY_PHASE_STRIP = YES;
				ENABLE_NS_ASSERTIONS = NO;
				ENABLE_STRICT_OBJC_MSGSEND = YES;
				GCC_C_LANGUAGE_STANDARD = gnu99;
				GCC_WARN_64_TO_32_BIT_CONVERSION = YES;
				GCC_WARN_ABOUT_RETURN_TYPE = YES_ERROR;
				GCC_WARN_UNDECLARED_SELECTOR = YES;
				GCC_WARN_UNINITIALIZED_AUTOS = YES_AGGRESSIVE;
				GCC_WARN_UNUSED_FUNCTION = YES;
				GCC_WARN_UNUSED_VARIABLE = YES;
				IPHONEOS_DEPLOYMENT_TARGET = 8.1;
				MTL_ENABLE_DEBUG_INFO = NO;
				SDKROOT = iphoneos;
				VALIDATE_PRODUCT = YES;
			};
			name = Release;
		};
		FC1EA9041A4D3B9E00AFE36E /* Debug */ = {
			isa = XCBuildConfiguration;
			buildSettings = {
				ASSETCATALOG_COMPILER_APPICON_NAME = AppIcon;
				INFOPLIST_FILE = FirstDemo/Info.plist;
				LD_RUNPATH_SEARCH_PATHS = "$(inherited) @executable_path/Frameworks";
				PRODUCT_NAME = "$(TARGET_NAME)";
			};
			name = Debug;
		};
		FC1EA9051A4D3B9E00AFE36E /* Release */ = {
			isa = XCBuildConfiguration;
			buildSettings = {
				ASSETCATALOG_COMPILER_APPICON_NAME = AppIcon;
				INFOPLIST_FILE = FirstDemo/Info.plist;
				LD_RUNPATH_SEARCH_PATHS = "$(inherited) @executable_path/Frameworks";
				PRODUCT_NAME = "$(TARGET_NAME)";
			};
			name = Release;
		};
		FC1EA9071A4D3B9E00AFE36E /* Debug */ = {
			isa = XCBuildConfiguration;
			buildSettings = {
				BUNDLE_LOADER = "$(TEST_HOST)";
				FRAMEWORK_SEARCH_PATHS = (
					"$(SDKROOT)/Developer/Library/Frameworks",
					"$(inherited)",
				);
				GCC_PREPROCESSOR_DEFINITIONS = (
					"DEBUG=1",
					"$(inherited)",
				);
				INFOPLIST_FILE = FirstDemoTests/Info.plist;
				LD_RUNPATH_SEARCH_PATHS = "$(inherited) @executable_path/Frameworks @loader_path/Frameworks";
				PRODUCT_NAME = "$(TARGET_NAME)";
				TEST_HOST = "$(BUILT_PRODUCTS_DIR)/FirstDemo.app/FirstDemo";
			};
			name = Debug;
		};
		FC1EA9081A4D3B9E00AFE36E /* Release */ = {
			isa = XCBuildConfiguration;
			buildSettings = {
				BUNDLE_LOADER = "$(TEST_HOST)";
				FRAMEWORK_SEARCH_PATHS = (
					"$(SDKROOT)/Developer/Library/Frameworks",
					"$(inherited)",
				);
				INFOPLIST_FILE = FirstDemoTests/Info.plist;
				LD_RUNPATH_SEARCH_PATHS = "$(inherited) @executable_path/Frameworks @loader_path/Frameworks";
				PRODUCT_NAME = "$(TARGET_NAME)";
				TEST_HOST = "$(BUILT_PRODUCTS_DIR)/FirstDemo.app/FirstDemo";
			};
			name = Release;
		};
/* End XCBuildConfiguration section */

/* Begin XCConfigurationList section */
		FC1EA8DF1A4D3B9D00AFE36E /* Build configuration list for PBXProject "FirstDemo" */ = {
			isa = XCConfigurationList;
			buildConfigurations = (
				FC1EA9011A4D3B9E00AFE36E /* Debug */,
				FC1EA9021A4D3B9E00AFE36E /* Release */,
			);
			defaultConfigurationIsVisible = 0;
			defaultConfigurationName = Release;
		};
		FC1EA9031A4D3B9E00AFE36E /* Build configuration list for PBXNativeTarget "FirstDemo" */ = {
			isa = XCConfigurationList;
			buildConfigurations = (
				FC1EA9041A4D3B9E00AFE36E /* Debug */,
				FC1EA9051A4D3B9E00AFE36E /* Release */,
			);
			defaultConfigurationIsVisible = 0;
		};
		FC1EA9061A4D3B9E00AFE36E /* Build configuration list for PBXNativeTarget "FirstDemoTests" */ = {
			isa = XCConfigurationList;
			buildConfigurations = (
				FC1EA9071A4D3B9E00AFE36E /* Debug */,
				FC1EA9081A4D3B9E00AFE36E /* Release */,
			);
			defaultConfigurationIsVisible = 0;
		};
/* End XCConfigurationList section */
	};
	rootObject = FC1EA8DC1A4D3B9D00AFE36E /* Project object */;
}
