// !$*UTF8*$!
{
	archiveVersion = 1;
	classes = {
	};
	objectVersion = 46;
	objects = {

/* Begin PBXBuildFile section */
		FCADD19D1A57AA7800B723AC /* AppDelegate.swift in Sources */ = {isa = PBXBuildFile; fileRef = FCADD19C1A57AA7800B723AC /* AppDelegate.swift */; };
		FCADD19F1A57AA7800B723AC /* MasterViewController.swift in Sources */ = {isa = PBXBuildFile; fileRef = FCADD19E1A57AA7800B723AC /* MasterViewController.swift */; };
		FCADD1A11A57AA7800B723AC /* DetailViewController.swift in Sources */ = {isa = PBXBuildFile; fileRef = FCADD1A01A57AA7800B723AC /* DetailViewController.swift */; };
		FCADD1A41A57AA7800B723AC /* Main.storyboard in Resources */ = {isa = PBXBuildFile; fileRef = FCADD1A21A57AA7800B723AC /* Main.storyboard */; };
		FCADD1A61A57AA7800B723AC /* Images.xcassets in Resources */ = {isa = PBXBuildFile; fileRef = FCADD1A51A57AA7800B723AC /* Images.xcassets */; };
		FCADD1A91A57AA7800B723AC /* LaunchScreen.xib in Resources */ = {isa = PBXBuildFile; fileRef = FCADD1A71A57AA7800B723AC /* LaunchScreen.xib */; };
		FCADD1B51A57AA7800B723AC /* MasterDetailDemoTests.swift in Sources */ = {isa = PBXBuildFile; fileRef = FCADD1B41A57AA7800B723AC /* MasterDetailDemoTests.swift */; };
/* End PBXBuildFile section */

/* Begin PBXContainerItemProxy section */
		FCADD1AF1A57AA7800B723AC /* PBXContainerItemProxy */ = {
			isa = PBXContainerItemProxy;
			containerPortal = FCADD18F1A57AA7800B723AC /* Project object */;
			proxyType = 1;
			remoteGlobalIDString = FCADD1961A57AA7800B723AC;
			remoteInfo = MasterDetailDemo;
		};
/* End PBXContainerItemProxy section */

/* Begin PBXFileReference section */
		FCADD1971A57AA7800B723AC /* MasterDetailDemo.app */ = {isa = PBXFileReference; explicitFileType = wrapper.application; includeInIndex = 0; path = MasterDetailDemo.app; sourceTree = BUILT_PRODUCTS_DIR; };
		FCADD19B1A57AA7800B723AC /* Info.plist */ = {isa = PBXFileReference; lastKnownFileType = text.plist.xml; path = Info.plist; sourceTree = "<group>"; };
		FCADD19C1A57AA7800B723AC /* AppDelegate.swift */ = {isa = PBXFileReference; lastKnownFileType = sourcecode.swift; path = AppDelegate.swift; sourceTree = "<group>"; };
		FCADD19E1A57AA7800B723AC /* MasterViewController.swift */ = {isa = PBXFileReference; lastKnownFileType = sourcecode.swift; path = MasterViewController.swift; sourceTree = "<group>"; };
		FCADD1A01A57AA7800B723AC /* DetailViewController.swift */ = {isa = PBXFileReference; lastKnownFileType = sourcecode.swift; path = DetailViewController.swift; sourceTree = "<group>"; };
		FCADD1A31A57AA7800B723AC /* Base */ = {isa = PBXFileReference; lastKnownFileType = file.storyboard; name = Base; path = Base.lproj/Main.storyboard; sourceTree = "<group>"; };
		FCADD1A51A57AA7800B723AC /* Images.xcassets */ = {isa = PBXFileReference; lastKnownFileType = folder.assetcatalog; path = Images.xcassets; sourceTree = "<group>"; };
		FCADD1A81A57AA7800B723AC /* Base */ = {isa = PBXFileReference; lastKnownFileType = file.xib; name = Base; path = Base.lproj/LaunchScreen.xib; sourceTree = "<group>"; };
		FCADD1AE1A57AA7800B723AC /* MasterDetailDemoTests.xctest */ = {isa = PBXFileReference; explicitFileType = wrapper.cfbundle; includeInIndex = 0; path = MasterDetailDemoTests.xctest; sourceTree = BUILT_PRODUCTS_DIR; };
		FCADD1B31A57AA7800B723AC /* Info.plist */ = {isa = PBXFileReference; lastKnownFileType = text.plist.xml; path = Info.plist; sourceTree = "<group>"; };
		FCADD1B41A57AA7800B723AC /* MasterDetailDemoTests.swift */ = {isa = PBXFileReference; lastKnownFileType = sourcecode.swift; path = MasterDetailDemoTests.swift; sourceTree = "<group>"; };
/* End PBXFileReference section */

/* Begin PBXFrameworksBuildPhase section */
		FCADD1941A57AA7800B723AC /* Frameworks */ = {
			isa = PBXFrameworksBuildPhase;
			buildActionMask = 2147483647;
			files = (
			);
			runOnlyForDeploymentPostprocessing = 0;
		};
		FCADD1AB1A57AA7800B723AC /* Frameworks */ = {
			isa = PBXFrameworksBuildPhase;
			buildActionMask = 2147483647;
			files = (
			);
			runOnlyForDeploymentPostprocessing = 0;
		};
/* End PBXFrameworksBuildPhase section */

/* Begin PBXGroup section */
		FCADD18E1A57AA7800B723AC = {
			isa = PBXGroup;
			children = (
				FCADD1991A57AA7800B723AC /* MasterDetailDemo */,
				FCADD1B11A57AA7800B723AC /* MasterDetailDemoTests */,
				FCADD1981A57AA7800B723AC /* Products */,
			);
			sourceTree = "<group>";
		};
		FCADD1981A57AA7800B723AC /* Products */ = {
			isa = PBXGroup;
			children = (
				FCADD1971A57AA7800B723AC /* MasterDetailDemo.app */,
				FCADD1AE1A57AA7800B723AC /* MasterDetailDemoTests.xctest */,
			);
			name = Products;
			sourceTree = "<group>";
		};
		FCADD1991A57AA7800B723AC /* MasterDetailDemo */ = {
			isa = PBXGroup;
			children = (
				FCADD19C1A57AA7800B723AC /* AppDelegate.swift */,
				FCADD19E1A57AA7800B723AC /* MasterViewController.swift */,
				FCADD1A01A57AA7800B723AC /* DetailViewController.swift */,
				FCADD1A21A57AA7800B723AC /* Main.storyboard */,
				FCADD1A51A57AA7800B723AC /* Images.xcassets */,
				FCADD1A71A57AA7800B723AC /* LaunchScreen.xib */,
				FCADD19A1A57AA7800B723AC /* Supporting Files */,
			);
			path = MasterDetailDemo;
			sourceTree = "<group>";
		};
		FCADD19A1A57AA7800B723AC /* Supporting Files */ = {
			isa = PBXGroup;
			children = (
				FCADD19B1A57AA7800B723AC /* Info.plist */,
			);
			name = "Supporting Files";
			sourceTree = "<group>";
		};
		FCADD1B11A57AA7800B723AC /* MasterDetailDemoTests */ = {
			isa = PBXGroup;
			children = (
				FCADD1B41A57AA7800B723AC /* MasterDetailDemoTests.swift */,
				FCADD1B21A57AA7800B723AC /* Supporting Files */,
			);
			path = MasterDetailDemoTests;
			sourceTree = "<group>";
		};
		FCADD1B21A57AA7800B723AC /* Supporting Files */ = {
			isa = PBXGroup;
			children = (
				FCADD1B31A57AA7800B723AC /* Info.plist */,
			);
			name = "Supporting Files";
			sourceTree = "<group>";
		};
/* End PBXGroup section */

/* Begin PBXNativeTarget section */
		FCADD1961A57AA7800B723AC /* MasterDetailDemo */ = {
			isa = PBXNativeTarget;
			buildConfigurationList = FCADD1B81A57AA7800B723AC /* Build configuration list for PBXNativeTarget "MasterDetailDemo" */;
			buildPhases = (
				FCADD1931A57AA7800B723AC /* Sources */,
				FCADD1941A57AA7800B723AC /* Frameworks */,
				FCADD1951A57AA7800B723AC /* Resources */,
			);
			buildRules = (
			);
			dependencies = (
			);
			name = MasterDetailDemo;
			productName = MasterDetailDemo;
			productReference = FCADD1971A57AA7800B723AC /* MasterDetailDemo.app */;
			productType = "com.apple.product-type.application";
		};
		FCADD1AD1A57AA7800B723AC /* MasterDetailDemoTests */ = {
			isa = PBXNativeTarget;
			buildConfigurationList = FCADD1BB1A57AA7800B723AC /* Build configuration list for PBXNativeTarget "MasterDetailDemoTests" */;
			buildPhases = (
				FCADD1AA1A57AA7800B723AC /* Sources */,
				FCADD1AB1A57AA7800B723AC /* Frameworks */,
				FCADD1AC1A57AA7800B723AC /* Resources */,
			);
			buildRules = (
			);
			dependencies = (
				FCADD1B01A57AA7800B723AC /* PBXTargetDependency */,
			);
			name = MasterDetailDemoTests;
			productName = MasterDetailDemoTests;
			productReference = FCADD1AE1A57AA7800B723AC /* MasterDetailDemoTests.xctest */;
			productType = "com.apple.product-type.bundle.unit-test";
		};
/* End PBXNativeTarget section */

/* Begin PBXProject section */
		FCADD18F1A57AA7800B723AC /* Project object */ = {
			isa = PBXProject;
			attributes = {
				LastUpgradeCheck = 0610;
				ORGANIZATIONNAME = "Jonathan Blackburn";
				TargetAttributes = {
					FCADD1961A57AA7800B723AC = {
						CreatedOnToolsVersion = 6.1.1;
					};
					FCADD1AD1A57AA7800B723AC = {
						CreatedOnToolsVersion = 6.1.1;
						TestTargetID = FCADD1961A57AA7800B723AC;
					};
				};
			};
			buildConfigurationList = FCADD1921A57AA7800B723AC /* Build configuration list for PBXProject "MasterDetailDemo" */;
			compatibilityVersion = "Xcode 3.2";
			developmentRegion = English;
			hasScannedForEncodings = 0;
			knownRegions = (
				en,
				Base,
			);
			mainGroup = FCADD18E1A57AA7800B723AC;
			productRefGroup = FCADD1981A57AA7800B723AC /* Products */;
			projectDirPath = "";
			projectRoot = "";
			targets = (
				FCADD1961A57AA7800B723AC /* MasterDetailDemo */,
				FCADD1AD1A57AA7800B723AC /* MasterDetailDemoTests */,
			);
		};
/* End PBXProject section */

/* Begin PBXResourcesBuildPhase section */
		FCADD1951A57AA7800B723AC /* Resources */ = {
			isa = PBXResourcesBuildPhase;
			buildActionMask = 2147483647;
			files = (
				FCADD1A41A57AA7800B723AC /* Main.storyboard in Resources */,
				FCADD1A91A57AA7800B723AC /* LaunchScreen.xib in Resources */,
				FCADD1A61A57AA7800B723AC /* Images.xcassets in Resources */,
			);
			runOnlyForDeploymentPostprocessing = 0;
		};
		FCADD1AC1A57AA7800B723AC /* Resources */ = {
			isa = PBXResourcesBuildPhase;
			buildActionMask = 2147483647;
			files = (
			);
			runOnlyForDeploymentPostprocessing = 0;
		};
/* End PBXResourcesBuildPhase section */

/* Begin PBXSourcesBuildPhase section */
		FCADD1931A57AA7800B723AC /* Sources */ = {
			isa = PBXSourcesBuildPhase;
			buildActionMask = 2147483647;
			files = (
				FCADD1A11A57AA7800B723AC /* DetailViewController.swift in Sources */,
				FCADD19F1A57AA7800B723AC /* MasterViewController.swift in Sources */,
				FCADD19D1A57AA7800B723AC /* AppDelegate.swift in Sources */,
			);
			runOnlyForDeploymentPostprocessing = 0;
		};
		FCADD1AA1A57AA7800B723AC /* Sources */ = {
			isa = PBXSourcesBuildPhase;
			buildActionMask = 2147483647;
			files = (
				FCADD1B51A57AA7800B723AC /* MasterDetailDemoTests.swift in Sources */,
			);
			runOnlyForDeploymentPostprocessing = 0;
		};
/* End PBXSourcesBuildPhase section */

/* Begin PBXTargetDependency section */
		FCADD1B01A57AA7800B723AC /* PBXTargetDependency */ = {
			isa = PBXTargetDependency;
			target = FCADD1961A57AA7800B723AC /* MasterDetailDemo */;
			targetProxy = FCADD1AF1A57AA7800B723AC /* PBXContainerItemProxy */;
		};
/* End PBXTargetDependency section */

/* Begin PBXVariantGroup section */
		FCADD1A21A57AA7800B723AC /* Main.storyboard */ = {
			isa = PBXVariantGroup;
			children = (
				FCADD1A31A57AA7800B723AC /* Base */,
			);
			name = Main.storyboard;
			sourceTree = "<group>";
		};
		FCADD1A71A57AA7800B723AC /* LaunchScreen.xib */ = {
			isa = PBXVariantGroup;
			children = (
				FCADD1A81A57AA7800B723AC /* Base */,
			);
			name = LaunchScreen.xib;
			sourceTree = "<group>";
		};
/* End PBXVariantGroup section */

/* Begin XCBuildConfiguration section */
		FCADD1B61A57AA7800B723AC /* Debug */ = {
			isa = XCBuildConfiguration;
			buildSettings = {
				ALWAYS_SEARCH_USER_PATHS = NO;
				CLANG_CXX_LANGUAGE_STANDARD = "gnu++0x";
				CLANG_CXX_LIBRARY = "libc++";
				CLANG_ENABLE_MODULES = YES;
				CLANG_ENABLE_OBJC_ARC = YES;
				CLANG_WARN_BOOL_CONVERSION = YES;
				CLANG_WARN_CONSTANT_CONVERSION = YES;
				CLANG_WARN_DIRECT_OBJC_ISA_USAGE = YES_ERROR;
				CLANG_WARN_EMPTY_BODY = YES;
				CLANG_WARN_ENUM_CONVERSION = YES;
				CLANG_WARN_INT_CONVERSION = YES;
				CLANG_WARN_OBJC_ROOT_CLASS = YES_ERROR;
				CLANG_WARN_UNREACHABLE_CODE = YES;
				CLANG_WARN__DUPLICATE_METHOD_MATCH = YES;
				"CODE_SIGN_IDENTITY[sdk=iphoneos*]" = "iPhone Developer";
				COPY_PHASE_STRIP = NO;
				ENABLE_STRICT_OBJC_MSGSEND = YES;
				GCC_C_LANGUAGE_STANDARD = gnu99;
				GCC_DYNAMIC_NO_PIC = NO;
				GCC_OPTIMIZATION_LEVEL = 0;
				GCC_PREPROCESSOR_DEFINITIONS = (
					"DEBUG=1",
					"$(inherited)",
				);
				GCC_SYMBOLS_PRIVATE_EXTERN = NO;
				GCC_WARN_64_TO_32_BIT_CONVERSION = YES;
				GCC_WARN_ABOUT_RETURN_TYPE = YES_ERROR;
				GCC_WARN_UNDECLARED_SELECTOR = YES;
				GCC_WARN_UNINITIALIZED_AUTOS = YES_AGGRESSIVE;
				GCC_WARN_UNUSED_FUNCTION = YES;
				GCC_WARN_UNUSED_VARIABLE = YES;
				IPHONEOS_DEPLOYMENT_TARGET = 8.1;
				MTL_ENABLE_DEBUG_INFO = YES;
				ONLY_ACTIVE_ARCH = YES;
				SDKROOT = iphoneos;
				SWIFT_OPTIMIZATION_LEVEL = "-Onone";
			};
			name = Debug;
		};
		FCADD1B71A57AA7800B723AC /* Release */ = {
			isa = XCBuildConfiguration;
			buildSettings = {
				ALWAYS_SEARCH_USER_PATHS = NO;
				CLANG_CXX_LANGUAGE_STANDARD = "gnu++0x";
				CLANG_CXX_LIBRARY = "libc++";
				CLANG_ENABLE_MODULES = YES;
				CLANG_ENABLE_OBJC_ARC = YES;
				CLANG_WARN_BOOL_CONVERSION = YES;
				CLANG_WARN_CONSTANT_CONVERSION = YES;
				CLANG_WARN_DIRECT_OBJC_ISA_USAGE = YES_ERROR;
				CLANG_WARN_EMPTY_BODY = YES;
				CLANG_WARN_ENUM_CONVERSION = YES;
				CLANG_WARN_INT_CONVERSION = YES;
				CLANG_WARN_OBJC_ROOT_CLASS = YES_ERROR;
				CLANG_WARN_UNREACHABLE_CODE = YES;
				CLANG_WARN__DUPLICATE_METHOD_MATCH = YES;
				"CODE_SIGN_IDENTITY[sdk=iphoneos*]" = "iPhone Developer";
				COPY_PHASE_STRIP = YES;
				ENABLE_NS_ASSERTIONS = NO;
				ENABLE_STRICT_OBJC_MSGSEND = YES;
				GCC_C_LANGUAGE_STANDARD = gnu99;
				GCC_WARN_64_TO_32_BIT_CONVERSION = YES;
				GCC_WARN_ABOUT_RETURN_TYPE = YES_ERROR;
				GCC_WARN_UNDECLARED_SELECTOR = YES;
				GCC_WARN_UNINITIALIZED_AUTOS = YES_AGGRESSIVE;
				GCC_WARN_UNUSED_FUNCTION = YES;
				GCC_WARN_UNUSED_VARIABLE = YES;
				IPHONEOS_DEPLOYMENT_TARGET = 8.1;
				MTL_ENABLE_DEBUG_INFO = NO;
				SDKROOT = iphoneos;
				VALIDATE_PRODUCT = YES;
			};
			name = Release;
		};
		FCADD1B91A57AA7800B723AC /* Debug */ = {
			isa = XCBuildConfiguration;
			buildSettings = {
				ASSETCATALOG_COMPILER_APPICON_NAME = AppIcon;
				INFOPLIST_FILE = MasterDetailDemo/Info.plist;
				LD_RUNPATH_SEARCH_PATHS = "$(inherited) @executable_path/Frameworks";
				PRODUCT_NAME = "$(TARGET_NAME)";
			};
			name = Debug;
		};
		FCADD1BA1A57AA7800B723AC /* Release */ = {
			isa = XCBuildConfiguration;
			buildSettings = {
				ASSETCATALOG_COMPILER_APPICON_NAME = AppIcon;
				INFOPLIST_FILE = MasterDetailDemo/Info.plist;
				LD_RUNPATH_SEARCH_PATHS = "$(inherited) @executable_path/Frameworks";
				PRODUCT_NAME = "$(TARGET_NAME)";
			};
			name = Release;
		};
		FCADD1BC1A57AA7800B723AC /* Debug */ = {
			isa = XCBuildConfiguration;
			buildSettings = {
				BUNDLE_LOADER = "$(TEST_HOST)";
				FRAMEWORK_SEARCH_PATHS = (
					"$(SDKROOT)/Developer/Library/Frameworks",
					"$(inherited)",
				);
				GCC_PREPROCESSOR_DEFINITIONS = (
					"DEBUG=1",
					"$(inherited)",
				);
				INFOPLIST_FILE = MasterDetailDemoTests/Info.plist;
				LD_RUNPATH_SEARCH_PATHS = "$(inherited) @executable_path/Frameworks @loader_path/Frameworks";
				PRODUCT_NAME = "$(TARGET_NAME)";
				TEST_HOST = "$(BUILT_PRODUCTS_DIR)/MasterDetailDemo.app/MasterDetailDemo";
			};
			name = Debug;
		};
		FCADD1BD1A57AA7800B723AC /* Release */ = {
			isa = XCBuildConfiguration;
			buildSettings = {
				BUNDLE_LOADER = "$(TEST_HOST)";
				FRAMEWORK_SEARCH_PATHS = (
					"$(SDKROOT)/Developer/Library/Frameworks",
					"$(inherited)",
				);
				INFOPLIST_FILE = MasterDetailDemoTests/Info.plist;
				LD_RUNPATH_SEARCH_PATHS = "$(inherited) @executable_path/Frameworks @loader_path/Frameworks";
				PRODUCT_NAME = "$(TARGET_NAME)";
				TEST_HOST = "$(BUILT_PRODUCTS_DIR)/MasterDetailDemo.app/MasterDetailDemo";
			};
			name = Release;
		};
/* End XCBuildConfiguration section */

/* Begin XCConfigurationList section */
		FCADD1921A57AA7800B723AC /* Build configuration list for PBXProject "MasterDetailDemo" */ = {
			isa = XCConfigurationList;
			buildConfigurations = (
				FCADD1B61A57AA7800B723AC /* Debug */,
				FCADD1B71A57AA7800B723AC /* Release */,
			);
			defaultConfigurationIsVisible = 0;
			defaultConfigurationName = Release;
		};
		FCADD1B81A57AA7800B723AC /* Build configuration list for PBXNativeTarget "MasterDetailDemo" */ = {
			isa = XCConfigurationList;
			buildConfigurations = (
				FCADD1B91A57AA7800B723AC /* Debug */,
				FCADD1BA1A57AA7800B723AC /* Release */,
			);
			defaultConfigurationIsVisible = 0;
		};
		FCADD1BB1A57AA7800B723AC /* Build configuration list for PBXNativeTarget "MasterDetailDemoTests" */ = {
			isa = XCConfigurationList;
			buildConfigurations = (
				FCADD1BC1A57AA7800B723AC /* Debug */,
				FCADD1BD1A57AA7800B723AC /* Release */,
			);
			defaultConfigurationIsVisible = 0;
		};
/* End XCConfigurationList section */
	};
	rootObject = FCADD18F1A57AA7800B723AC /* Project object */;
}
