// !$*UTF8*$!
{
	archiveVersion = 1;
	classes = {
	};
	objectVersion = 46;
	objects = {

/* Begin PBXBuildFile section */
		FCADD1FB1A58FD3400B723AC /* AppDelegate.swift in Sources */ = {isa = PBXBuildFile; fileRef = FCADD1FA1A58FD3400B723AC /* AppDelegate.swift */; };
		FCADD2001A58FD3400B723AC /* Main.storyboard in Resources */ = {isa = PBXBuildFile; fileRef = FCADD1FE1A58FD3400B723AC /* Main.storyboard */; };
		FCADD2021A58FD3400B723AC /* Images.xcassets in Resources */ = {isa = PBXBuildFile; fileRef = FCADD2011A58FD3400B723AC /* Images.xcassets */; };
		FCADD2051A58FD3400B723AC /* LaunchScreen.xib in Resources */ = {isa = PBXBuildFile; fileRef = FCADD2031A58FD3400B723AC /* LaunchScreen.xib */; };
		FCADD2111A58FD3400B723AC /* PhotoPreviewTests.swift in Sources */ = {isa = PBXBuildFile; fileRef = FCADD2101A58FD3400B723AC /* PhotoPreviewTests.swift */; };
		FCADD21D1A5A034800B723AC /* Photo.swift in Sources */ = {isa = PBXBuildFile; fileRef = FCADD21C1A5A034800B723AC /* Photo.swift */; };
		FCADD21F1A5A045300B723AC /* PhotosTableViewController.swift in Sources */ = {isa = PBXBuildFile; fileRef = FCADD21E1A5A045300B723AC /* PhotosTableViewController.swift */; };
		FCADD2211A5A046E00B723AC /* DisplayViewController.swift in Sources */ = {isa = PBXBuildFile; fileRef = FCADD2201A5A046E00B723AC /* DisplayViewController.swift */; };
		FCADD2231A5A047D00B723AC /* InfoViewController.swift in Sources */ = {isa = PBXBuildFile; fileRef = FCADD2221A5A047D00B723AC /* InfoViewController.swift */; };
/* End PBXBuildFile section */

/* Begin PBXContainerItemProxy section */
		FCADD20B1A58FD3400B723AC /* PBXContainerItemProxy */ = {
			isa = PBXContainerItemProxy;
			containerPortal = FCADD1ED1A58FD3300B723AC /* Project object */;
			proxyType = 1;
			remoteGlobalIDString = FCADD1F41A58FD3300B723AC;
			remoteInfo = PhotoPreview;
		};
/* End PBXContainerItemProxy section */

/* Begin PBXFileReference section */
		FCADD1F51A58FD3300B723AC /* PhotoPreview.app */ = {isa = PBXFileReference; explicitFileType = wrapper.application; includeInIndex = 0; path = PhotoPreview.app; sourceTree = BUILT_PRODUCTS_DIR; };
		FCADD1F91A58FD3300B723AC /* Info.plist */ = {isa = PBXFileReference; lastKnownFileType = text.plist.xml; path = Info.plist; sourceTree = "<group>"; };
		FCADD1FA1A58FD3400B723AC /* AppDelegate.swift */ = {isa = PBXFileReference; lastKnownFileType = sourcecode.swift; path = AppDelegate.swift; sourceTree = "<group>"; };
		FCADD1FF1A58FD3400B723AC /* Base */ = {isa = PBXFileReference; lastKnownFileType = file.storyboard; name = Base; path = Base.lproj/Main.storyboard; sourceTree = "<group>"; };
		FCADD2011A58FD3400B723AC /* Images.xcassets */ = {isa = PBXFileReference; lastKnownFileType = folder.assetcatalog; path = Images.xcassets; sourceTree = "<group>"; };
		FCADD2041A58FD3400B723AC /* Base */ = {isa = PBXFileReference; lastKnownFileType = file.xib; name = Base; path = Base.lproj/LaunchScreen.xib; sourceTree = "<group>"; };
		FCADD20A1A58FD3400B723AC /* PhotoPreviewTests.xctest */ = {isa = PBXFileReference; explicitFileType = wrapper.cfbundle; includeInIndex = 0; path = PhotoPreviewTests.xctest; sourceTree = BUILT_PRODUCTS_DIR; };
		FCADD20F1A58FD3400B723AC /* Info.plist */ = {isa = PBXFileReference; lastKnownFileType = text.plist.xml; path = Info.plist; sourceTree = "<group>"; };
		FCADD2101A58FD3400B723AC /* PhotoPreviewTests.swift */ = {isa = PBXFileReference; lastKnownFileType = sourcecode.swift; path = PhotoPreviewTests.swift; sourceTree = "<group>"; };
		FCADD21C1A5A034800B723AC /* Photo.swift */ = {isa = PBXFileReference; fileEncoding = 4; lastKnownFileType = sourcecode.swift; path = Photo.swift; sourceTree = "<group>"; };
		FCADD21E1A5A045300B723AC /* PhotosTableViewController.swift */ = {isa = PBXFileReference; fileEncoding = 4; lastKnownFileType = sourcecode.swift; path = PhotosTableViewController.swift; sourceTree = "<group>"; };
		FCADD2201A5A046E00B723AC /* DisplayViewController.swift */ = {isa = PBXFileReference; fileEncoding = 4; lastKnownFileType = sourcecode.swift; path = DisplayViewController.swift; sourceTree = "<group>"; };
		FCADD2221A5A047D00B723AC /* InfoViewController.swift */ = {isa = PBXFileReference; fileEncoding = 4; lastKnownFileType = sourcecode.swift; path = InfoViewController.swift; sourceTree = "<group>"; };
/* End PBXFileReference section */

/* Begin PBXFrameworksBuildPhase section */
		FCADD1F21A58FD3300B723AC /* Frameworks */ = {
			isa = PBXFrameworksBuildPhase;
			buildActionMask = 2147483647;
			files = (
			);
			runOnlyForDeploymentPostprocessing = 0;
		};
		FCADD2071A58FD3400B723AC /* Frameworks */ = {
			isa = PBXFrameworksBuildPhase;
			buildActionMask = 2147483647;
			files = (
			);
			runOnlyForDeploymentPostprocessing = 0;
		};
/* End PBXFrameworksBuildPhase section */

/* Begin PBXGroup section */
		FCADD1EC1A58FD3300B723AC = {
			isa = PBXGroup;
			children = (
				FCADD1F71A58FD3300B723AC /* PhotoPreview */,
				FCADD20D1A58FD3400B723AC /* PhotoPreviewTests */,
				FCADD1F61A58FD3300B723AC /* Products */,
			);
			sourceTree = "<group>";
		};
		FCADD1F61A58FD3300B723AC /* Products */ = {
			isa = PBXGroup;
			children = (
				FCADD1F51A58FD3300B723AC /* PhotoPreview.app */,
				FCADD20A1A58FD3400B723AC /* PhotoPreviewTests.xctest */,
			);
			name = Products;
			sourceTree = "<group>";
		};
		FCADD1F71A58FD3300B723AC /* PhotoPreview */ = {
			isa = PBXGroup;
			children = (
				FCADD1FA1A58FD3400B723AC /* AppDelegate.swift */,
				FCADD21C1A5A034800B723AC /* Photo.swift */,
				FCADD1FE1A58FD3400B723AC /* Main.storyboard */,
				FCADD21E1A5A045300B723AC /* PhotosTableViewController.swift */,
				FCADD2201A5A046E00B723AC /* DisplayViewController.swift */,
				FCADD2221A5A047D00B723AC /* InfoViewController.swift */,
				FCADD2011A58FD3400B723AC /* Images.xcassets */,
				FCADD2031A58FD3400B723AC /* LaunchScreen.xib */,
				FCADD1F81A58FD3300B723AC /* Supporting Files */,
			);
			path = PhotoPreview;
			sourceTree = "<group>";
		};
		FCADD1F81A58FD3300B723AC /* Supporting Files */ = {
			isa = PBXGroup;
			children = (
				FCADD1F91A58FD3300B723AC /* Info.plist */,
			);
			name = "Supporting Files";
			sourceTree = "<group>";
		};
		FCADD20D1A58FD3400B723AC /* PhotoPreviewTests */ = {
			isa = PBXGroup;
			children = (
				FCADD2101A58FD3400B723AC /* PhotoPreviewTests.swift */,
				FCADD20E1A58FD3400B723AC /* Supporting Files */,
			);
			path = PhotoPreviewTests;
			sourceTree = "<group>";
		};
		FCADD20E1A58FD3400B723AC /* Supporting Files */ = {
			isa = PBXGroup;
			children = (
				FCADD20F1A58FD3400B723AC /* Info.plist */,
			);
			name = "Supporting Files";
			sourceTree = "<group>";
		};
/* End PBXGroup section */

/* Begin PBXNativeTarget section */
		FCADD1F41A58FD3300B723AC /* PhotoPreview */ = {
			isa = PBXNativeTarget;
			buildConfigurationList = FCADD2141A58FD3400B723AC /* Build configuration list for PBXNativeTarget "PhotoPreview" */;
			buildPhases = (
				FCADD1F11A58FD3300B723AC /* Sources */,
				FCADD1F21A58FD3300B723AC /* Frameworks */,
				FCADD1F31A58FD3300B723AC /* Resources */,
			);
			buildRules = (
			);
			dependencies = (
			);
			name = PhotoPreview;
			productName = PhotoPreview;
			productReference = FCADD1F51A58FD3300B723AC /* PhotoPreview.app */;
			productType = "com.apple.product-type.application";
		};
		FCADD2091A58FD3400B723AC /* PhotoPreviewTests */ = {
			isa = PBXNativeTarget;
			buildConfigurationList = FCADD2171A58FD3400B723AC /* Build configuration list for PBXNativeTarget "PhotoPreviewTests" */;
			buildPhases = (
				FCADD2061A58FD3400B723AC /* Sources */,
				FCADD2071A58FD3400B723AC /* Frameworks */,
				FCADD2081A58FD3400B723AC /* Resources */,
			);
			buildRules = (
			);
			dependencies = (
				FCADD20C1A58FD3400B723AC /* PBXTargetDependency */,
			);
			name = PhotoPreviewTests;
			productName = PhotoPreviewTests;
			productReference = FCADD20A1A58FD3400B723AC /* PhotoPreviewTests.xctest */;
			productType = "com.apple.product-type.bundle.unit-test";
		};
/* End PBXNativeTarget section */

/* Begin PBXProject section */
		FCADD1ED1A58FD3300B723AC /* Project object */ = {
			isa = PBXProject;
			attributes = {
				LastUpgradeCheck = 0610;
				ORGANIZATIONNAME = "Jonathan Blackburn";
				TargetAttributes = {
					FCADD1F41A58FD3300B723AC = {
						CreatedOnToolsVersion = 6.1.1;
					};
					FCADD2091A58FD3400B723AC = {
						CreatedOnToolsVersion = 6.1.1;
						TestTargetID = FCADD1F41A58FD3300B723AC;
					};
				};
			};
			buildConfigurationList = FCADD1F01A58FD3300B723AC /* Build configuration list for PBXProject "PhotoPreview" */;
			compatibilityVersion = "Xcode 3.2";
			developmentRegion = English;
			hasScannedForEncodings = 0;
			knownRegions = (
				en,
				Base,
			);
			mainGroup = FCADD1EC1A58FD3300B723AC;
			productRefGroup = FCADD1F61A58FD3300B723AC /* Products */;
			projectDirPath = "";
			projectRoot = "";
			targets = (
				FCADD1F41A58FD3300B723AC /* PhotoPreview */,
				FCADD2091A58FD3400B723AC /* PhotoPreviewTests */,
			);
		};
/* End PBXProject section */

/* Begin PBXResourcesBuildPhase section */
		FCADD1F31A58FD3300B723AC /* Resources */ = {
			isa = PBXResourcesBuildPhase;
			buildActionMask = 2147483647;
			files = (
				FCADD2001A58FD3400B723AC /* Main.storyboard in Resources */,
				FCADD2051A58FD3400B723AC /* LaunchScreen.xib in Resources */,
				FCADD2021A58FD3400B723AC /* Images.xcassets in Resources */,
			);
			runOnlyForDeploymentPostprocessing = 0;
		};
		FCADD2081A58FD3400B723AC /* Resources */ = {
			isa = PBXResourcesBuildPhase;
			buildActionMask = 2147483647;
			files = (
			);
			runOnlyForDeploymentPostprocessing = 0;
		};
/* End PBXResourcesBuildPhase section */

/* Begin PBXSourcesBuildPhase section */
		FCADD1F11A58FD3300B723AC /* Sources */ = {
			isa = PBXSourcesBuildPhase;
			buildActionMask = 2147483647;
			files = (
				FCADD21D1A5A034800B723AC /* Photo.swift in Sources */,
				FCADD1FB1A58FD3400B723AC /* AppDelegate.swift in Sources */,
				FCADD21F1A5A045300B723AC /* PhotosTableViewController.swift in Sources */,
				FCADD2211A5A046E00B723AC /* DisplayViewController.swift in Sources */,
				FCADD2231A5A047D00B723AC /* InfoViewController.swift in Sources */,
			);
			runOnlyForDeploymentPostprocessing = 0;
		};
		FCADD2061A58FD3400B723AC /* Sources */ = {
			isa = PBXSourcesBuildPhase;
			buildActionMask = 2147483647;
			files = (
				FCADD2111A58FD3400B723AC /* PhotoPreviewTests.swift in Sources */,
			);
			runOnlyForDeploymentPostprocessing = 0;
		};
/* End PBXSourcesBuildPhase section */

/* Begin PBXTargetDependency section */
		FCADD20C1A58FD3400B723AC /* PBXTargetDependency */ = {
			isa = PBXTargetDependency;
			target = FCADD1F41A58FD3300B723AC /* PhotoPreview */;
			targetProxy = FCADD20B1A58FD3400B723AC /* PBXContainerItemProxy */;
		};
/* End PBXTargetDependency section */

/* Begin PBXVariantGroup section */
		FCADD1FE1A58FD3400B723AC /* Main.storyboard */ = {
			isa = PBXVariantGroup;
			children = (
				FCADD1FF1A58FD3400B723AC /* Base */,
			);
			name = Main.storyboard;
			sourceTree = "<group>";
		};
		FCADD2031A58FD3400B723AC /* LaunchScreen.xib */ = {
			isa = PBXVariantGroup;
			children = (
				FCADD2041A58FD3400B723AC /* Base */,
			);
			name = LaunchScreen.xib;
			sourceTree = "<group>";
		};
/* End PBXVariantGroup section */

/* Begin XCBuildConfiguration section */
		FCADD2121A58FD3400B723AC /* Debug */ = {
			isa = XCBuildConfiguration;
			buildSettings = {
				ALWAYS_SEARCH_USER_PATHS = NO;
				CLANG_CXX_LANGUAGE_STANDARD = "gnu++0x";
				CLANG_CXX_LIBRARY = "libc++";
				CLANG_ENABLE_MODULES = YES;
				CLANG_ENABLE_OBJC_ARC = YES;
				CLANG_WARN_BOOL_CONVERSION = YES;
				CLANG_WARN_CONSTANT_CONVERSION = YES;
				CLANG_WARN_DIRECT_OBJC_ISA_USAGE = YES_ERROR;
				CLANG_WARN_EMPTY_BODY = YES;
				CLANG_WARN_ENUM_CONVERSION = YES;
				CLANG_WARN_INT_CONVERSION = YES;
				CLANG_WARN_OBJC_ROOT_CLASS = YES_ERROR;
				CLANG_WARN_UNREACHABLE_CODE = YES;
				CLANG_WARN__DUPLICATE_METHOD_MATCH = YES;
				"CODE_SIGN_IDENTITY[sdk=iphoneos*]" = "iPhone Developer";
				COPY_PHASE_STRIP = NO;
				ENABLE_STRICT_OBJC_MSGSEND = YES;
				GCC_C_LANGUAGE_STANDARD = gnu99;
				GCC_DYNAMIC_NO_PIC = NO;
				GCC_OPTIMIZATION_LEVEL = 0;
				GCC_PREPROCESSOR_DEFINITIONS = (
					"DEBUG=1",
					"$(inherited)",
				);
				GCC_SYMBOLS_PRIVATE_EXTERN = NO;
				GCC_WARN_64_TO_32_BIT_CONVERSION = YES;
				GCC_WARN_ABOUT_RETURN_TYPE = YES_ERROR;
				GCC_WARN_UNDECLARED_SELECTOR = YES;
				GCC_WARN_UNINITIALIZED_AUTOS = YES_AGGRESSIVE;
				GCC_WARN_UNUSED_FUNCTION = YES;
				GCC_WARN_UNUSED_VARIABLE = YES;
				IPHONEOS_DEPLOYMENT_TARGET = 8.1;
				MTL_ENABLE_DEBUG_INFO = YES;
				ONLY_ACTIVE_ARCH = YES;
				SDKROOT = iphoneos;
				SWIFT_OPTIMIZATION_LEVEL = "-Onone";
			};
			name = Debug;
		};
		FCADD2131A58FD3400B723AC /* Release */ = {
			isa = XCBuildConfiguration;
			buildSettings = {
				ALWAYS_SEARCH_USER_PATHS = NO;
				CLANG_CXX_LANGUAGE_STANDARD = "gnu++0x";
				CLANG_CXX_LIBRARY = "libc++";
				CLANG_ENABLE_MODULES = YES;
				CLANG_ENABLE_OBJC_ARC = YES;
				CLANG_WARN_BOOL_CONVERSION = YES;
				CLANG_WARN_CONSTANT_CONVERSION = YES;
				CLANG_WARN_DIRECT_OBJC_ISA_USAGE = YES_ERROR;
				CLANG_WARN_EMPTY_BODY = YES;
				CLANG_WARN_ENUM_CONVERSION = YES;
				CLANG_WARN_INT_CONVERSION = YES;
				CLANG_WARN_OBJC_ROOT_CLASS = YES_ERROR;
				CLANG_WARN_UNREACHABLE_CODE = YES;
				CLANG_WARN__DUPLICATE_METHOD_MATCH = YES;
				"CODE_SIGN_IDENTITY[sdk=iphoneos*]" = "iPhone Developer";
				COPY_PHASE_STRIP = YES;
				ENABLE_NS_ASSERTIONS = NO;
				ENABLE_STRICT_OBJC_MSGSEND = YES;
				GCC_C_LANGUAGE_STANDARD = gnu99;
				GCC_WARN_64_TO_32_BIT_CONVERSION = YES;
				GCC_WARN_ABOUT_RETURN_TYPE = YES_ERROR;
				GCC_WARN_UNDECLARED_SELECTOR = YES;
				GCC_WARN_UNINITIALIZED_AUTOS = YES_AGGRESSIVE;
				GCC_WARN_UNUSED_FUNCTION = YES;
				GCC_WARN_UNUSED_VARIABLE = YES;
				IPHONEOS_DEPLOYMENT_TARGET = 8.1;
				MTL_ENABLE_DEBUG_INFO = NO;
				SDKROOT = iphoneos;
				VALIDATE_PRODUCT = YES;
			};
			name = Release;
		};
		FCADD2151A58FD3400B723AC /* Debug */ = {
			isa = XCBuildConfiguration;
			buildSettings = {
				ASSETCATALOG_COMPILER_APPICON_NAME = AppIcon;
				INFOPLIST_FILE = PhotoPreview/Info.plist;
				LD_RUNPATH_SEARCH_PATHS = "$(inherited) @executable_path/Frameworks";
				PRODUCT_NAME = "$(TARGET_NAME)";
			};
			name = Debug;
		};
		FCADD2161A58FD3400B723AC /* Release */ = {
			isa = XCBuildConfiguration;
			buildSettings = {
				ASSETCATALOG_COMPILER_APPICON_NAME = AppIcon;
				INFOPLIST_FILE = PhotoPreview/Info.plist;
				LD_RUNPATH_SEARCH_PATHS = "$(inherited) @executable_path/Frameworks";
				PRODUCT_NAME = "$(TARGET_NAME)";
			};
			name = Release;
		};
		FCADD2181A58FD3400B723AC /* Debug */ = {
			isa = XCBuildConfiguration;
			buildSettings = {
				BUNDLE_LOADER = "$(TEST_HOST)";
				FRAMEWORK_SEARCH_PATHS = (
					"$(SDKROOT)/Developer/Library/Frameworks",
					"$(inherited)",
				);
				GCC_PREPROCESSOR_DEFINITIONS = (
					"DEBUG=1",
					"$(inherited)",
				);
				INFOPLIST_FILE = PhotoPreviewTests/Info.plist;
				LD_RUNPATH_SEARCH_PATHS = "$(inherited) @executable_path/Frameworks @loader_path/Frameworks";
				PRODUCT_NAME = "$(TARGET_NAME)";
				TEST_HOST = "$(BUILT_PRODUCTS_DIR)/PhotoPreview.app/PhotoPreview";
			};
			name = Debug;
		};
		FCADD2191A58FD3400B723AC /* Release */ = {
			isa = XCBuildConfiguration;
			buildSettings = {
				BUNDLE_LOADER = "$(TEST_HOST)";
				FRAMEWORK_SEARCH_PATHS = (
					"$(SDKROOT)/Developer/Library/Frameworks",
					"$(inherited)",
				);
				INFOPLIST_FILE = PhotoPreviewTests/Info.plist;
				LD_RUNPATH_SEARCH_PATHS = "$(inherited) @executable_path/Frameworks @loader_path/Frameworks";
				PRODUCT_NAME = "$(TARGET_NAME)";
				TEST_HOST = "$(BUILT_PRODUCTS_DIR)/PhotoPreview.app/PhotoPreview";
			};
			name = Release;
		};
/* End XCBuildConfiguration section */

/* Begin XCConfigurationList section */
		FCADD1F01A58FD3300B723AC /* Build configuration list for PBXProject "PhotoPreview" */ = {
			isa = XCConfigurationList;
			buildConfigurations = (
				FCADD2121A58FD3400B723AC /* Debug */,
				FCADD2131A58FD3400B723AC /* Release */,
			);
			defaultConfigurationIsVisible = 0;
			defaultConfigurationName = Release;
		};
		FCADD2141A58FD3400B723AC /* Build configuration list for PBXNativeTarget "PhotoPreview" */ = {
			isa = XCConfigurationList;
			buildConfigurations = (
				FCADD2151A58FD3400B723AC /* Debug */,
				FCADD2161A58FD3400B723AC /* Release */,
			);
			defaultConfigurationIsVisible = 0;
		};
		FCADD2171A58FD3400B723AC /* Build configuration list for PBXNativeTarget "PhotoPreviewTests" */ = {
			isa = XCConfigurationList;
			buildConfigurations = (
				FCADD2181A58FD3400B723AC /* Debug */,
				FCADD2191A58FD3400B723AC /* Release */,
			);
			defaultConfigurationIsVisible = 0;
		};
/* End XCConfigurationList section */
	};
	rootObject = FCADD1ED1A58FD3300B723AC /* Project object */;
}
